
Microsoft Visual Studio Solution File, Format Version 12.00
# Visual Studio 15
VisualStudioVersion = 15.0.27130.2024
MinimumVisualStudioVersion = 10.0.40219.1
Project("{8BC9CEB8-8B4A-11D0-8D11-00A0C91BC942}") = "Bitwise", "Bitwise\Bitwise.vcxproj", "{1009FD15-E3AC-4EF2-B55B-50AF1D64ABED}"
EndProject
Project("{8BC9CEB8-8B4A-11D0-8D11-00A0C91BC942}") = "Combinatorics", "Combinatorics\Combinatorics.vcxproj", "{A8812BF4-784C-4DD7-96C4-1D6721E863C7}"
EndProject
Project("{8BC9CEB8-8B4A-11D0-8D11-00A0C91BC942}") = "Cpp", "Cpp\Cpp.vcxproj", "{900652FE-9711-4C98-9FAB-933EACD7AB73}"
EndProject
Project("{8BC9CEB8-8B4A-11D0-8D11-00A0C91BC942}") = "Graphs", "Graphs\Graphs.vcxproj", "{386D33F5-0727-4B3F-A5B5-C8F15DD25AE4}"
EndProject
Project("{8BC9CEB8-8B4A-11D0-8D11-00A0C91BC942}") = "Lists", "Lists\Lists.vcxproj", "{EFF8A81C-2AB8-4579-9FC9-355CB615C3A6}"
EndProject
Project("{8BC9CEB8-8B4A-11D0-8D11-00A0C91BC942}") = "Numerical", "Numerical\Numerical.vcxproj", "{3A27835A-2A5B-46D6-8A01-26D6F6896316}"
EndProject
Project("{8BC9CEB8-8B4A-11D0-8D11-00A0C91BC942}") = "Searching", "Searching\Searching.vcxproj", "{9252DA2A-4AC1-47E3-B5E8-8A40AA1122D7}"
EndProject
Project("{8BC9CEB8-8B4A-11D0-8D11-00A0C91BC942}") = "Sorting", "Sorting\Sorting.vcxproj", "{A9FDAD8F-E192-4D12-A738-8EF1D8D2FA90}"
EndProject
Project("{8BC9CEB8-8B4A-11D0-8D11-00A0C91BC942}") = "Strings", "Strings\Strings.vcxproj", "{C36BC0A4-957B-40AD-82EF-BFA0654D4106}"
EndProject
Project("{8BC9CEB8-8B4A-11D0-8D11-00A0C91BC942}") = "Structures", "Structures\Structures.vcxproj", "{828D5571-116F-4235-A718-066F634B049B}"
EndProject
Project("{8BC9CEB8-8B4A-11D0-8D11-00A0C91BC942}") = "Trees", "Trees\Trees.vcxproj", "{CFAFD955-0DD4-4BF6-8B77-7F64ABEE81A6}"
EndProject
Project("{8BC9CEB8-8B4A-11D0-8D11-00A0C91BC942}") = "DP", "DP\DP.vcxproj", "{F8341074-FB66-4A8D-A021-8C88C36A91F8}"
EndProject
Project("{8BC9CEB8-8B4A-11D0-8D11-00A0C91BC942}") = "Greedy", "Greedy\Greedy.vcxproj", "{0DD19D82-B4B2-4E01-A1C2-6B110F260E01}"
EndProject
Global
	GlobalSection(SolutionConfigurationPlatforms) = preSolution
		Debug|x64 = Debug|x64
		Debug|x86 = Debug|x86
		Release|x64 = Release|x64
		Release|x86 = Release|x86
	EndGlobalSection
	GlobalSection(ProjectConfigurationPlatforms) = postSolution
		{1009FD15-E3AC-4EF2-B55B-50AF1D64ABED}.Debug|x64.ActiveCfg = Debug|x64
		{1009FD15-E3AC-4EF2-B55B-50AF1D64ABED}.Debug|x64.Build.0 = Debug|x64
		{1009FD15-E3AC-4EF2-B55B-50AF1D64ABED}.Debug|x86.ActiveCfg = Debug|Win32
		{1009FD15-E3AC-4EF2-B55B-50AF1D64ABED}.Debug|x86.Build.0 = Debug|Win32
		{1009FD15-E3AC-4EF2-B55B-50AF1D64ABED}.Release|x64.ActiveCfg = Release|x64
		{1009FD15-E3AC-4EF2-B55B-50AF1D64ABED}.Release|x64.Build.0 = Release|x64
		{1009FD15-E3AC-4EF2-B55B-50AF1D64ABED}.Release|x86.ActiveCfg = Release|Win32
		{1009FD15-E3AC-4EF2-B55B-50AF1D64ABED}.Release|x86.Build.0 = Release|Win32
		{A8812BF4-784C-4DD7-96C4-1D6721E863C7}.Debug|x64.ActiveCfg = Debug|x64
		{A8812BF4-784C-4DD7-96C4-1D6721E863C7}.Debug|x64.Build.0 = Debug|x64
		{A8812BF4-784C-4DD7-96C4-1D6721E863C7}.Debug|x86.ActiveCfg = Debug|Win32
		{A8812BF4-784C-4DD7-96C4-1D6721E863C7}.Debug|x86.Build.0 = Debug|Win32
		{A8812BF4-784C-4DD7-96C4-1D6721E863C7}.Release|x64.ActiveCfg = Release|x64
		{A8812BF4-784C-4DD7-96C4-1D6721E863C7}.Release|x64.Build.0 = Release|x64
		{A8812BF4-784C-4DD7-96C4-1D6721E863C7}.Release|x86.ActiveCfg = Release|Win32
		{A8812BF4-784C-4DD7-96C4-1D6721E863C7}.Release|x86.Build.0 = Release|Win32
		{900652FE-9711-4C98-9FAB-933EACD7AB73}.Debug|x64.ActiveCfg = Debug|x64
		{900652FE-9711-4C98-9FAB-933EACD7AB73}.Debug|x64.Build.0 = Debug|x64
		{900652FE-9711-4C98-9FAB-933EACD7AB73}.Debug|x64.Deploy.0 = Debug|x64
		{900652FE-9711-4C98-9FAB-933EACD7AB73}.Debug|x86.ActiveCfg = Debug|Win32
		{900652FE-9711-4C98-9FAB-933EACD7AB73}.Debug|x86.Build.0 = Debug|Win32
		{900652FE-9711-4C98-9FAB-933EACD7AB73}.Debug|x86.Deploy.0 = Debug|Win32
		{900652FE-9711-4C98-9FAB-933EACD7AB73}.Release|x64.ActiveCfg = Release|x64
		{900652FE-9711-4C98-9FAB-933EACD7AB73}.Release|x64.Build.0 = Release|x64
		{900652FE-9711-4C98-9FAB-933EACD7AB73}.Release|x64.Deploy.0 = Release|x64
		{900652FE-9711-4C98-9FAB-933EACD7AB73}.Release|x86.ActiveCfg = Release|Win32
		{900652FE-9711-4C98-9FAB-933EACD7AB73}.Release|x86.Build.0 = Release|Win32
		{900652FE-9711-4C98-9FAB-933EACD7AB73}.Release|x86.Deploy.0 = Release|Win32
		{386D33F5-0727-4B3F-A5B5-C8F15DD25AE4}.Debug|x64.ActiveCfg = Debug|x64
		{386D33F5-0727-4B3F-A5B5-C8F15DD25AE4}.Debug|x64.Build.0 = Debug|x64
		{386D33F5-0727-4B3F-A5B5-C8F15DD25AE4}.Debug|x86.ActiveCfg = Debug|Win32
		{386D33F5-0727-4B3F-A5B5-C8F15DD25AE4}.Debug|x86.Build.0 = Debug|Win32
		{386D33F5-0727-4B3F-A5B5-C8F15DD25AE4}.Release|x64.ActiveCfg = Release|x64
		{386D33F5-0727-4B3F-A5B5-C8F15DD25AE4}.Release|x64.Build.0 = Release|x64
		{386D33F5-0727-4B3F-A5B5-C8F15DD25AE4}.Release|x86.ActiveCfg = Release|Win32
		{386D33F5-0727-4B3F-A5B5-C8F15DD25AE4}.Release|x86.Build.0 = Release|Win32
		{EFF8A81C-2AB8-4579-9FC9-355CB615C3A6}.Debug|x64.ActiveCfg = Debug|x64
		{EFF8A81C-2AB8-4579-9FC9-355CB615C3A6}.Debug|x64.Build.0 = Debug|x64
		{EFF8A81C-2AB8-4579-9FC9-355CB615C3A6}.Debug|x86.ActiveCfg = Debug|Win32
		{EFF8A81C-2AB8-4579-9FC9-355CB615C3A6}.Debug|x86.Build.0 = Debug|Win32
		{EFF8A81C-2AB8-4579-9FC9-355CB615C3A6}.Release|x64.ActiveCfg = Release|x64
		{EFF8A81C-2AB8-4579-9FC9-355CB615C3A6}.Release|x64.Build.0 = Release|x64
		{EFF8A81C-2AB8-4579-9FC9-355CB615C3A6}.Release|x86.ActiveCfg = Release|Win32
		{EFF8A81C-2AB8-4579-9FC9-355CB615C3A6}.Release|x86.Build.0 = Release|Win32
		{3A27835A-2A5B-46D6-8A01-26D6F6896316}.Debug|x64.ActiveCfg = Debug|x64
		{3A27835A-2A5B-46D6-8A01-26D6F6896316}.Debug|x64.Build.0 = Debug|x64
		{3A27835A-2A5B-46D6-8A01-26D6F6896316}.Debug|x86.ActiveCfg = Debug|Win32
		{3A27835A-2A5B-46D6-8A01-26D6F6896316}.Debug|x86.Build.0 = Debug|Win32
		{3A27835A-2A5B-46D6-8A01-26D6F6896316}.Release|x64.ActiveCfg = Release|x64
		{3A27835A-2A5B-46D6-8A01-26D6F6896316}.Release|x64.Build.0 = Release|x64
		{3A27835A-2A5B-46D6-8A01-26D6F6896316}.Release|x86.ActiveCfg = Release|Win32
		{3A27835A-2A5B-46D6-8A01-26D6F6896316}.Release|x86.Build.0 = Release|Win32
		{9252DA2A-4AC1-47E3-B5E8-8A40AA1122D7}.Debug|x64.ActiveCfg = Debug|x64
		{9252DA2A-4AC1-47E3-B5E8-8A40AA1122D7}.Debug|x64.Build.0 = Debug|x64
		{9252DA2A-4AC1-47E3-B5E8-8A40AA1122D7}.Debug|x86.ActiveCfg = Debug|Win32
		{9252DA2A-4AC1-47E3-B5E8-8A40AA1122D7}.Debug|x86.Build.0 = Debug|Win32
		{9252DA2A-4AC1-47E3-B5E8-8A40AA1122D7}.Release|x64.ActiveCfg = Release|x64
		{9252DA2A-4AC1-47E3-B5E8-8A40AA1122D7}.Release|x64.Build.0 = Release|x64
		{9252DA2A-4AC1-47E3-B5E8-8A40AA1122D7}.Release|x86.ActiveCfg = Release|Win32
		{9252DA2A-4AC1-47E3-B5E8-8A40AA1122D7}.Release|x86.Build.0 = Release|Win32
		{A9FDAD8F-E192-4D12-A738-8EF1D8D2FA90}.Debug|x64.ActiveCfg = Debug|x64
		{A9FDAD8F-E192-4D12-A738-8EF1D8D2FA90}.Debug|x64.Build.0 = Debug|x64
		{A9FDAD8F-E192-4D12-A738-8EF1D8D2FA90}.Debug|x86.ActiveCfg = Debug|Win32
		{A9FDAD8F-E192-4D12-A738-8EF1D8D2FA90}.Debug|x86.Build.0 = Debug|Win32
		{A9FDAD8F-E192-4D12-A738-8EF1D8D2FA90}.Release|x64.ActiveCfg = Release|x64
		{A9FDAD8F-E192-4D12-A738-8EF1D8D2FA90}.Release|x64.Build.0 = Release|x64
		{A9FDAD8F-E192-4D12-A738-8EF1D8D2FA90}.Release|x86.ActiveCfg = Release|Win32
		{A9FDAD8F-E192-4D12-A738-8EF1D8D2FA90}.Release|x86.Build.0 = Release|Win32
		{C36BC0A4-957B-40AD-82EF-BFA0654D4106}.Debug|x64.ActiveCfg = Debug|x64
		{C36BC0A4-957B-40AD-82EF-BFA0654D4106}.Debug|x64.Build.0 = Debug|x64
		{C36BC0A4-957B-40AD-82EF-BFA0654D4106}.Debug|x86.ActiveCfg = Debug|Win32
		{C36BC0A4-957B-40AD-82EF-BFA0654D4106}.Debug|x86.Build.0 = Debug|Win32
		{C36BC0A4-957B-40AD-82EF-BFA0654D4106}.Release|x64.ActiveCfg = Release|x64
		{C36BC0A4-957B-40AD-82EF-BFA0654D4106}.Release|x64.Build.0 = Release|x64
		{C36BC0A4-957B-40AD-82EF-BFA0654D4106}.Release|x86.ActiveCfg = Release|Win32
		{C36BC0A4-957B-40AD-82EF-BFA0654D4106}.Release|x86.Build.0 = Release|Win32
		{828D5571-116F-4235-A718-066F634B049B}.Debug|x64.ActiveCfg = Debug|x64
		{828D5571-116F-4235-A718-066F634B049B}.Debug|x64.Build.0 = Debug|x64
		{828D5571-116F-4235-A718-066F634B049B}.Debug|x86.ActiveCfg = Debug|Win32
		{828D5571-116F-4235-A718-066F634B049B}.Debug|x86.Build.0 = Debug|Win32
		{828D5571-116F-4235-A718-066F634B049B}.Release|x64.ActiveCfg = Release|x64
		{828D5571-116F-4235-A718-066F634B049B}.Release|x64.Build.0 = Release|x64
		{828D5571-116F-4235-A718-066F634B049B}.Release|x86.ActiveCfg = Release|Win32
		{828D5571-116F-4235-A718-066F634B049B}.Release|x86.Build.0 = Release|Win32
		{CFAFD955-0DD4-4BF6-8B77-7F64ABEE81A6}.Debug|x64.ActiveCfg = Debug|x64
		{CFAFD955-0DD4-4BF6-8B77-7F64ABEE81A6}.Debug|x64.Build.0 = Debug|x64
		{CFAFD955-0DD4-4BF6-8B77-7F64ABEE81A6}.Debug|x86.ActiveCfg = Debug|Win32
		{CFAFD955-0DD4-4BF6-8B77-7F64ABEE81A6}.Debug|x86.Build.0 = Debug|Win32
		{CFAFD955-0DD4-4BF6-8B77-7F64ABEE81A6}.Release|x64.ActiveCfg = Release|x64
		{CFAFD955-0DD4-4BF6-8B77-7F64ABEE81A6}.Release|x64.Build.0 = Release|x64
		{CFAFD955-0DD4-4BF6-8B77-7F64ABEE81A6}.Release|x86.ActiveCfg = Release|Win32
		{CFAFD955-0DD4-4BF6-8B77-7F64ABEE81A6}.Release|x86.Build.0 = Release|Win32
		{F8341074-FB66-4A8D-A021-8C88C36A91F8}.Debug|x64.ActiveCfg = Debug|x64
		{F8341074-FB66-4A8D-A021-8C88C36A91F8}.Debug|x64.Build.0 = Debug|x64
		{F8341074-FB66-4A8D-A021-8C88C36A91F8}.Debug|x86.ActiveCfg = Debug|Win32
		{F8341074-FB66-4A8D-A021-8C88C36A91F8}.Debug|x86.Build.0 = Debug|Win32
		{F8341074-FB66-4A8D-A021-8C88C36A91F8}.Release|x64.ActiveCfg = Release|x64
		{F8341074-FB66-4A8D-A021-8C88C36A91F8}.Release|x64.Build.0 = Release|x64
		{F8341074-FB66-4A8D-A021-8C88C36A91F8}.Release|x86.ActiveCfg = Release|Win32
		{F8341074-FB66-4A8D-A021-8C88C36A91F8}.Release|x86.Build.0 = Release|Win32
		{0DD19D82-B4B2-4E01-A1C2-6B110F260E01}.Debug|x64.ActiveCfg = Debug|x64
		{0DD19D82-B4B2-4E01-A1C2-6B110F260E01}.Debug|x64.Build.0 = Debug|x64
		{0DD19D82-B4B2-4E01-A1C2-6B110F260E01}.Debug|x86.ActiveCfg = Debug|Win32
		{0DD19D82-B4B2-4E01-A1C2-6B110F260E01}.Debug|x86.Build.0 = Debug|Win32
		{0DD19D82-B4B2-4E01-A1C2-6B110F260E01}.Release|x64.ActiveCfg = Release|x64
		{0DD19D82-B4B2-4E01-A1C2-6B110F260E01}.Release|x64.Build.0 = Release|x64
		{0DD19D82-B4B2-4E01-A1C2-6B110F260E01}.Release|x86.ActiveCfg = Release|Win32
		{0DD19D82-B4B2-4E01-A1C2-6B110F260E01}.Release|x86.Build.0 = Release|Win32
	EndGlobalSection
	GlobalSection(SolutionProperties) = preSolution
		HideSolutionNode = FALSE
	EndGlobalSection
	GlobalSection(ExtensibilityGlobals) = postSolution
		BuildVersion_StartDate = 2000/1/1
		SolutionGuid = {52BCF8D4-D7F1-4158-9EE0-3F255555D6AC}
	EndGlobalSection
EndGlobal
